
Microsoft Visual Studio Solution File, Format Version 12.00
# Visual Studio Version 17
VisualStudioVersion = 17.6.33815.320
MinimumVisualStudioVersion = 10.0.40219.1
Project("{FAE04EC0-301F-11D3-BF4B-00C04F79EFBC}") = "ChallengeOldPad", "ChallengeOldPad\ChallengeOldPad.csproj", "{561A4ABC-F4D4-401E-A034-1AA3E9CD530F}"
EndProject
Project("{FAE04EC0-301F-11D3-BF4B-00C04F79EFBC}") = "ChallengeOldPad.Tests", "ChallengeOldPad.Tests\ChallengeOldPad.Tests.csproj", "{8C0ED397-B327-45BB-86F4-69808F5A0CEB}"
EndProject
Global
	GlobalSection(SolutionConfigurationPlatforms) = preSolution
		Debug|Any CPU = Debug|Any CPU
		Release|Any CPU = Release|Any CPU
	EndGlobalSection
	GlobalSection(ProjectConfigurationPlatforms) = postSolution
		{561A4ABC-F4D4-401E-A034-1AA3E9CD530F}.Debug|Any CPU.ActiveCfg = Debug|Any CPU
		{561A4ABC-F4D4-401E-A034-1AA3E9CD530F}.Debug|Any CPU.Build.0 = Debug|Any CPU
		{561A4ABC-F4D4-401E-A034-1AA3E9CD530F}.Release|Any CPU.ActiveCfg = Release|Any CPU
		{561A4ABC-F4D4-401E-A034-1AA3E9CD530F}.Release|Any CPU.Build.0 = Release|Any CPU
		{8C0ED397-B327-45BB-86F4-69808F5A0CEB}.Debug|Any CPU.ActiveCfg = Debug|Any CPU
		{8C0ED397-B327-45BB-86F4-69808F5A0CEB}.Debug|Any CPU.Build.0 = Debug|Any CPU
		{8C0ED397-B327-45BB-86F4-69808F5A0CEB}.Release|Any CPU.ActiveCfg = Release|Any CPU
		{8C0ED397-B327-45BB-86F4-69808F5A0CEB}.Release|Any CPU.Build.0 = Release|Any CPU
	EndGlobalSection
	GlobalSection(SolutionProperties) = preSolution
		HideSolutionNode = FALSE
	EndGlobalSection
	GlobalSection(ExtensibilityGlobals) = postSolution
		SolutionGuid = {A389810B-937B-4082-9A5A-98106AA4A51E}
	EndGlobalSection
EndGlobal
